schema: '2.0'
stages:
  extract_data:
    cmd: python .\src\data\extract_data.py playground-series-s4e6.zip
    deps:
    - path: .\data\raw\Zipped\playground-series-s4e6.zip
      hash: md5
      md5: fd8caf952776f3c1ae29abe49311762c
      size: 3217279
    - path: .\src\data\extract_data.py
      hash: md5
      md5: b4ab3ed2eed5878e33c9feb49f479f3b
      size: 918
    outs:
    - path: .\data\raw\extracted
      hash: md5
      md5: d12cd4e8482700c7ca8331f3fcddbaff.dir
      size: 16204746
      nfiles: 3
  make_dataset:
    cmd: python .\src\data\make_dataset.py train.csv test.csv
    deps:
    - path: .\data\raw\extracted\test.csv
      hash: md5
      md5: 73ce23cb43f629cf564adb01da2113cb
      size: 5925485
    - path: .\data\raw\extracted\train.csv
      hash: md5
      md5: d9e20f0aef74f9830059aadaed58a154
      size: 9486541
    - path: .\src\data\make_dataset.py
      hash: md5
      md5: b1d6edb8fc543dc31ef7141cef643292
      size: 3031
    params:
      params.yaml:
        make_dataset.random_state: 9
        make_dataset.test_size: 0.25
    outs:
    - path: .\data\interim
      hash: md5
      md5: f7ef2457d23652cc5829094ee004eaee.dir
      size: 15540437
      nfiles: 3
  data_preprocessing:
    cmd: python .\src\features\preprocessing.py train.csv val.csv test.csv
    deps:
    - path: .\data\interim\train.csv
      hash: md5
      md5: 841a5b8de690d8644835985eb2f390d3
      size: 7174432
    - path: .\data\interim\val.csv
      hash: md5
      md5: 40408dd723150493782a36fe1d978778
      size: 2389507
    - path: .\data\raw\extracted\test.csv
      hash: md5
      md5: 73ce23cb43f629cf564adb01da2113cb
      size: 5925485
    - path: .\src\features\preprocessing.py
      hash: md5
      md5: 10cb8f6a7e0cc8d87bb1b8fc3e0aa013
      size: 4714
    outs:
    - path: .\data\processed
      hash: md5
      md5: 9c651feede69d252dcb841a64291d33a.dir
      size: 64104535
      nfiles: 3
    - path: .\models\transformers
      hash: md5
      md5: 95ad94f30b7bf024d6b2f4d5c31b968e.dir
      size: 7023
      nfiles: 2
  train_model:
    cmd: python .\src\models\train_model.py train.csv
    deps:
    - path: .\data\processed\train.csv
      hash: md5
      md5: b0d119b445b0c0769eb89c7cfe411fee
      size: 28892553
    - path: .\src\models\models_list.py
      hash: md5
      md5: 6d34e5210c6d0ab82892490163e72d54
      size: 1241
    - path: .\src\models\train_model.py
      hash: md5
      md5: 5ba22d7ac65ae594ac9880304c0da6f1
      size: 3223
    params:
      params.yaml:
        train_model.adaboost.learning_rate: 1.0
        train_model.adaboost.n_estimators: 50
        train_model.decision_tree.max_depth: 5
        train_model.gaussian_nb: {}
        train_model.gradient_boosting.learning_rate: 0.1
        train_model.gradient_boosting.max_depth: 3
        train_model.gradient_boosting.n_estimators: 100
        train_model.knn.n_neighbors: 5
        train_model.knn.weights: uniform
        train_model.logistic_regression.C: 1.0
        train_model.logistic_regression.max_iter: 100
        train_model.random_forest.max_depth: 10
        train_model.random_forest.n_estimators: 100
        train_model.svc.C: 1.0
        train_model.svc.kernel: rbf
    outs:
    - path: .\models\models
      hash: md5
      md5: d88af9745d5280e1abc663a82086fd20.dir
      size: 47651728
      nfiles: 8
